// !$*UTF8*$!
{
	archiveVersion = 1;
	classes = {
	};
	objectVersion = 46;
	objects = {

/* Begin PBXBuildFile section */
		A10C3D54193A0F2700AC5040 /* CCHomeViewController.m in Sources */ = {isa = PBXBuildFile; fileRef = A10C3D53193A0F2700AC5040 /* CCHomeViewController.m */; };
		A10C3D58193A132B00AC5040 /* CCSettingsViewController.m in Sources */ = {isa = PBXBuildFile; fileRef = A10C3D57193A132B00AC5040 /* CCSettingsViewController.m */; };
		A10C3D5C193A156200AC5040 /* CCEditProfileViewController.m in Sources */ = {isa = PBXBuildFile; fileRef = A10C3D5B193A156200AC5040 /* CCEditProfileViewController.m */; };
		A10C3D60193A17D000AC5040 /* CCProfileViewController.m in Sources */ = {isa = PBXBuildFile; fileRef = A10C3D5F193A17D000AC5040 /* CCProfileViewController.m */; };
		A128981B193900E8005FB734 /* Foundation.framework in Frameworks */ = {isa = PBXBuildFile; fileRef = A128981A193900E8005FB734 /* Foundation.framework */; };
		A128981D193900E8005FB734 /* CoreGraphics.framework in Frameworks */ = {isa = PBXBuildFile; fileRef = A128981C193900E8005FB734 /* CoreGraphics.framework */; };
		A128981F193900E9005FB734 /* UIKit.framework in Frameworks */ = {isa = PBXBuildFile; fileRef = A128981E193900E9005FB734 /* UIKit.framework */; };
		A1289825193900E9005FB734 /* InfoPlist.strings in Resources */ = {isa = PBXBuildFile; fileRef = A1289823193900E9005FB734 /* InfoPlist.strings */; };
		A1289827193900E9005FB734 /* main.m in Sources */ = {isa = PBXBuildFile; fileRef = A1289826193900E9005FB734 /* main.m */; };
		A128982B193900E9005FB734 /* CCAppDelegate.m in Sources */ = {isa = PBXBuildFile; fileRef = A128982A193900E9005FB734 /* CCAppDelegate.m */; };
		A128982E193900E9005FB734 /* Main.storyboard in Resources */ = {isa = PBXBuildFile; fileRef = A128982C193900E9005FB734 /* Main.storyboard */; };
		A1289836193900E9005FB734 /* Images.xcassets in Resources */ = {isa = PBXBuildFile; fileRef = A1289835193900E9005FB734 /* Images.xcassets */; };
		A128983D193900E9005FB734 /* XCTest.framework in Frameworks */ = {isa = PBXBuildFile; fileRef = A128983C193900E9005FB734 /* XCTest.framework */; };
		A128983E193900E9005FB734 /* Foundation.framework in Frameworks */ = {isa = PBXBuildFile; fileRef = A128981A193900E8005FB734 /* Foundation.framework */; };
		A128983F193900E9005FB734 /* UIKit.framework in Frameworks */ = {isa = PBXBuildFile; fileRef = A128981E193900E9005FB734 /* UIKit.framework */; };
		A1289847193900E9005FB734 /* InfoPlist.strings in Resources */ = {isa = PBXBuildFile; fileRef = A1289845193900E9005FB734 /* InfoPlist.strings */; };
		A1289849193900E9005FB734 /* MatchedUpTests.m in Sources */ = {isa = PBXBuildFile; fileRef = A1289848193900E9005FB734 /* MatchedUpTests.m */; };
		A1289854193901A0005FB734 /* CCLoginViewController.m in Sources */ = {isa = PBXBuildFile; fileRef = A1289853193901A0005FB734 /* CCLoginViewController.m */; };
		A128985C19391DF2005FB734 /* CCConstants.m in Sources */ = {isa = PBXBuildFile; fileRef = A128985B19391DF2005FB734 /* CCConstants.m */; };
		A17BEBF2193B1B4200A41DCE /* CCTestUser.m in Sources */ = {isa = PBXBuildFile; fileRef = A17BEBF1193B1B4200A41DCE /* CCTestUser.m */; };
		A17BEBF5193B1BB600A41DCE /* 1459326_549190171836357_1050945138_n.jpg in Resources */ = {isa = PBXBuildFile; fileRef = A17BEBF4193B1BB600A41DCE /* 1459326_549190171836357_1050945138_n.jpg */; };
		A17BEBF9193B2F7E00A41DCE /* CCMatchViewController.m in Sources */ = {isa = PBXBuildFile; fileRef = A17BEBF8193B2F7E00A41DCE /* CCMatchViewController.m */; };
		A17BEBFD193B312600A41DCE /* CCMatchesViewController.m in Sources */ = {isa = PBXBuildFile; fileRef = A17BEBFC193B312600A41DCE /* CCMatchesViewController.m */; };
		A17BEC01193B347C00A41DCE /* CCChatViewController.m in Sources */ = {isa = PBXBuildFile; fileRef = A17BEC00193B347C00A41DCE /* CCChatViewController.m */; };
		F4BAE585034941DCA8871091 /* libPods.a in Frameworks */ = {isa = PBXBuildFile; fileRef = 139B89DB01344EABA1A66509 /* libPods.a */; };
/* End PBXBuildFile section */

/* Begin PBXContainerItemProxy section */
		A1289840193900E9005FB734 /* PBXContainerItemProxy */ = {
			isa = PBXContainerItemProxy;
			containerPortal = A128980F193900E8005FB734 /* Project object */;
			proxyType = 1;
			remoteGlobalIDString = A1289816193900E8005FB734;
			remoteInfo = MatchedUp;
		};
/* End PBXContainerItemProxy section */

/* Begin PBXFileReference section */
		139B89DB01344EABA1A66509 /* libPods.a */ = {isa = PBXFileReference; explicitFileType = archive.ar; includeInIndex = 0; path = libPods.a; sourceTree = BUILT_PRODUCTS_DIR; };
		A0157B767DBD477B9C508E2C /* Pods.xcconfig */ = {isa = PBXFileReference; includeInIndex = 1; lastKnownFileType = text.xcconfig; name = Pods.xcconfig; path = Pods/Pods.xcconfig; sourceTree = "<group>"; };
		A10C3D52193A0F2700AC5040 /* CCHomeViewController.h */ = {isa = PBXFileReference; fileEncoding = 4; lastKnownFileType = sourcecode.c.h; path = CCHomeViewController.h; sourceTree = "<group>"; };
		A10C3D53193A0F2700AC5040 /* CCHomeViewController.m */ = {isa = PBXFileReference; fileEncoding = 4; lastKnownFileType = sourcecode.c.objc; path = CCHomeViewController.m; sourceTree = "<group>"; };
		A10C3D56193A132B00AC5040 /* CCSettingsViewController.h */ = {isa = PBXFileReference; fileEncoding = 4; lastKnownFileType = sourcecode.c.h; path = CCSettingsViewController.h; sourceTree = "<group>"; };
		A10C3D57193A132B00AC5040 /* CCSettingsViewController.m */ = {isa = PBXFileReference; fileEncoding = 4; lastKnownFileType = sourcecode.c.objc; path = CCSettingsViewController.m; sourceTree = "<group>"; };
		A10C3D5A193A156200AC5040 /* CCEditProfileViewController.h */ = {isa = PBXFileReference; fileEncoding = 4; lastKnownFileType = sourcecode.c.h; path = CCEditProfileViewController.h; sourceTree = "<group>"; };
		A10C3D5B193A156200AC5040 /* CCEditProfileViewController.m */ = {isa = PBXFileReference; fileEncoding = 4; lastKnownFileType = sourcecode.c.objc; path = CCEditProfileViewController.m; sourceTree = "<group>"; };
		A10C3D5E193A17D000AC5040 /* CCProfileViewController.h */ = {isa = PBXFileReference; fileEncoding = 4; lastKnownFileType = sourcecode.c.h; path = CCProfileViewController.h; sourceTree = "<group>"; };
		A10C3D5F193A17D000AC5040 /* CCProfileViewController.m */ = {isa = PBXFileReference; fileEncoding = 4; lastKnownFileType = sourcecode.c.objc; path = CCProfileViewController.m; sourceTree = "<group>"; };
		A1289817193900E8005FB734 /* MatchedUp.app */ = {isa = PBXFileReference; explicitFileType = wrapper.application; includeInIndex = 0; path = MatchedUp.app; sourceTree = BUILT_PRODUCTS_DIR; };
		A128981A193900E8005FB734 /* Foundation.framework */ = {isa = PBXFileReference; lastKnownFileType = wrapper.framework; name = Foundation.framework; path = System/Library/Frameworks/Foundation.framework; sourceTree = SDKROOT; };
		A128981C193900E8005FB734 /* CoreGraphics.framework */ = {isa = PBXFileReference; lastKnownFileType = wrapper.framework; name = CoreGraphics.framework; path = System/Library/Frameworks/CoreGraphics.framework; sourceTree = SDKROOT; };
		A128981E193900E9005FB734 /* UIKit.framework */ = {isa = PBXFileReference; lastKnownFileType = wrapper.framework; name = UIKit.framework; path = System/Library/Frameworks/UIKit.framework; sourceTree = SDKROOT; };
		A1289822193900E9005FB734 /* MatchedUp-Info.plist */ = {isa = PBXFileReference; lastKnownFileType = text.plist.xml; path = "MatchedUp-Info.plist"; sourceTree = "<group>"; };
		A1289824193900E9005FB734 /* en */ = {isa = PBXFileReference; lastKnownFileType = text.plist.strings; name = en; path = en.lproj/InfoPlist.strings; sourceTree = "<group>"; };
		A1289826193900E9005FB734 /* main.m */ = {isa = PBXFileReference; lastKnownFileType = sourcecode.c.objc; path = main.m; sourceTree = "<group>"; };
		A1289828193900E9005FB734 /* MatchedUp-Prefix.pch */ = {isa = PBXFileReference; lastKnownFileType = sourcecode.c.h; path = "MatchedUp-Prefix.pch"; sourceTree = "<group>"; };
		A1289829193900E9005FB734 /* CCAppDelegate.h */ = {isa = PBXFileReference; lastKnownFileType = sourcecode.c.h; path = CCAppDelegate.h; sourceTree = "<group>"; };
		A128982A193900E9005FB734 /* CCAppDelegate.m */ = {isa = PBXFileReference; lastKnownFileType = sourcecode.c.objc; path = CCAppDelegate.m; sourceTree = "<group>"; };
		A128982D193900E9005FB734 /* Base */ = {isa = PBXFileReference; lastKnownFileType = file.storyboard; name = Base; path = Base.lproj/Main.storyboard; sourceTree = "<group>"; };
		A1289835193900E9005FB734 /* Images.xcassets */ = {isa = PBXFileReference; lastKnownFileType = folder.assetcatalog; path = Images.xcassets; sourceTree = "<group>"; };
		A128983B193900E9005FB734 /* MatchedUpTests.xctest */ = {isa = PBXFileReference; explicitFileType = wrapper.cfbundle; includeInIndex = 0; path = MatchedUpTests.xctest; sourceTree = BUILT_PRODUCTS_DIR; };
		A128983C193900E9005FB734 /* XCTest.framework */ = {isa = PBXFileReference; lastKnownFileType = wrapper.framework; name = XCTest.framework; path = Library/Frameworks/XCTest.framework; sourceTree = DEVELOPER_DIR; };
		A1289844193900E9005FB734 /* MatchedUpTests-Info.plist */ = {isa = PBXFileReference; lastKnownFileType = text.plist.xml; path = "MatchedUpTests-Info.plist"; sourceTree = "<group>"; };
		A1289846193900E9005FB734 /* en */ = {isa = PBXFileReference; lastKnownFileType = text.plist.strings; name = en; path = en.lproj/InfoPlist.strings; sourceTree = "<group>"; };
		A1289848193900E9005FB734 /* MatchedUpTests.m */ = {isa = PBXFileReference; lastKnownFileType = sourcecode.c.objc; path = MatchedUpTests.m; sourceTree = "<group>"; };
		A1289852193901A0005FB734 /* CCLoginViewController.h */ = {isa = PBXFileReference; fileEncoding = 4; lastKnownFileType = sourcecode.c.h; path = CCLoginViewController.h; sourceTree = "<group>"; };
		A1289853193901A0005FB734 /* CCLoginViewController.m */ = {isa = PBXFileReference; fileEncoding = 4; lastKnownFileType = sourcecode.c.objc; path = CCLoginViewController.m; sourceTree = "<group>"; };
		A128985A19391DF2005FB734 /* CCConstants.h */ = {isa = PBXFileReference; fileEncoding = 4; lastKnownFileType = sourcecode.c.h; path = CCConstants.h; sourceTree = "<group>"; };
		A128985B19391DF2005FB734 /* CCConstants.m */ = {isa = PBXFileReference; fileEncoding = 4; lastKnownFileType = sourcecode.c.objc; path = CCConstants.m; sourceTree = "<group>"; };
		A17BEBF0193B1B4200A41DCE /* CCTestUser.h */ = {isa = PBXFileReference; fileEncoding = 4; lastKnownFileType = sourcecode.c.h; path = CCTestUser.h; sourceTree = "<group>"; };
		A17BEBF1193B1B4200A41DCE /* CCTestUser.m */ = {isa = PBXFileReference; fileEncoding = 4; lastKnownFileType = sourcecode.c.objc; path = CCTestUser.m; sourceTree = "<group>"; };
		A17BEBF4193B1BB600A41DCE /* 1459326_549190171836357_1050945138_n.jpg */ = {isa = PBXFileReference; lastKnownFileType = image.jpeg; path = 1459326_549190171836357_1050945138_n.jpg; sourceTree = "<group>"; };
		A17BEBF7193B2F7E00A41DCE /* CCMatchViewController.h */ = {isa = PBXFileReference; fileEncoding = 4; lastKnownFileType = sourcecode.c.h; path = CCMatchViewController.h; sourceTree = "<group>"; };
		A17BEBF8193B2F7E00A41DCE /* CCMatchViewController.m */ = {isa = PBXFileReference; fileEncoding = 4; lastKnownFileType = sourcecode.c.objc; path = CCMatchViewController.m; sourceTree = "<group>"; };
		A17BEBFB193B312600A41DCE /* CCMatchesViewController.h */ = {isa = PBXFileReference; fileEncoding = 4; lastKnownFileType = sourcecode.c.h; path = CCMatchesViewController.h; sourceTree = "<group>"; };
		A17BEBFC193B312600A41DCE /* CCMatchesViewController.m */ = {isa = PBXFileReference; fileEncoding = 4; lastKnownFileType = sourcecode.c.objc; path = CCMatchesViewController.m; sourceTree = "<group>"; };
		A17BEBFF193B347C00A41DCE /* CCChatViewController.h */ = {isa = PBXFileReference; fileEncoding = 4; lastKnownFileType = sourcecode.c.h; path = CCChatViewController.h; sourceTree = "<group>"; };
		A17BEC00193B347C00A41DCE /* CCChatViewController.m */ = {isa = PBXFileReference; fileEncoding = 4; lastKnownFileType = sourcecode.c.objc; path = CCChatViewController.m; sourceTree = "<group>"; };
/* End PBXFileReference section */

/* Begin PBXFrameworksBuildPhase section */
		A1289814193900E8005FB734 /* Frameworks */ = {
			isa = PBXFrameworksBuildPhase;
			buildActionMask = 2147483647;
			files = (
				A128981D193900E8005FB734 /* CoreGraphics.framework in Frameworks */,
				A128981F193900E9005FB734 /* UIKit.framework in Frameworks */,
				A128981B193900E8005FB734 /* Foundation.framework in Frameworks */,
				F4BAE585034941DCA8871091 /* libPods.a in Frameworks */,
			);
			runOnlyForDeploymentPostprocessing = 0;
		};
		A1289838193900E9005FB734 /* Frameworks */ = {
			isa = PBXFrameworksBuildPhase;
			buildActionMask = 2147483647;
			files = (
				A128983D193900E9005FB734 /* XCTest.framework in Frameworks */,
				A128983F193900E9005FB734 /* UIKit.framework in Frameworks */,
				A128983E193900E9005FB734 /* Foundation.framework in Frameworks */,
			);
			runOnlyForDeploymentPostprocessing = 0;
		};
/* End PBXFrameworksBuildPhase section */

/* Begin PBXGroup section */
		A10C3D51193A0EFE00AC5040 /* Home */ = {
			isa = PBXGroup;
			children = (
				A10C3D52193A0F2700AC5040 /* CCHomeViewController.h */,
				A10C3D53193A0F2700AC5040 /* CCHomeViewController.m */,
			);
			name = Home;
			sourceTree = "<group>";
		};
		A10C3D55193A130D00AC5040 /* Settings */ = {
			isa = PBXGroup;
			children = (
				A10C3D56193A132B00AC5040 /* CCSettingsViewController.h */,
				A10C3D57193A132B00AC5040 /* CCSettingsViewController.m */,
			);
			name = Settings;
			sourceTree = "<group>";
		};
		A10C3D59193A152A00AC5040 /* EditProfile */ = {
			isa = PBXGroup;
			children = (
				A10C3D5A193A156200AC5040 /* CCEditProfileViewController.h */,
				A10C3D5B193A156200AC5040 /* CCEditProfileViewController.m */,
			);
			name = EditProfile;
			sourceTree = "<group>";
		};
		A10C3D5D193A17AD00AC5040 /* Profile */ = {
			isa = PBXGroup;
			children = (
				A10C3D5E193A17D000AC5040 /* CCProfileViewController.h */,
				A10C3D5F193A17D000AC5040 /* CCProfileViewController.m */,
			);
			name = Profile;
			sourceTree = "<group>";
		};
		A128980E193900E8005FB734 = {
			isa = PBXGroup;
			children = (
				A1289820193900E9005FB734 /* MatchedUp */,
				A1289842193900E9005FB734 /* MatchedUpTests */,
				A1289819193900E8005FB734 /* Frameworks */,
				A1289818193900E8005FB734 /* Products */,
				A0157B767DBD477B9C508E2C /* Pods.xcconfig */,
			);
			sourceTree = "<group>";
		};
		A1289818193900E8005FB734 /* Products */ = {
			isa = PBXGroup;
			children = (
				A1289817193900E8005FB734 /* MatchedUp.app */,
				A128983B193900E9005FB734 /* MatchedUpTests.xctest */,
			);
			name = Products;
			sourceTree = "<group>";
		};
		A1289819193900E8005FB734 /* Frameworks */ = {
			isa = PBXGroup;
			children = (
				A128981A193900E8005FB734 /* Foundation.framework */,
				A128981C193900E8005FB734 /* CoreGraphics.framework */,
				A128981E193900E9005FB734 /* UIKit.framework */,
				A128983C193900E9005FB734 /* XCTest.framework */,
				139B89DB01344EABA1A66509 /* libPods.a */,
			);
			name = Frameworks;
			sourceTree = "<group>";
		};
		A1289820193900E9005FB734 /* MatchedUp */ = {
			isa = PBXGroup;
			children = (
				A1289829193900E9005FB734 /* CCAppDelegate.h */,
				A128982A193900E9005FB734 /* CCAppDelegate.m */,
				A128982C193900E9005FB734 /* Main.storyboard */,
				A1289855193901B6005FB734 /* Login */,
				A10C3D51193A0EFE00AC5040 /* Home */,
				A10C3D55193A130D00AC5040 /* Settings */,
				A10C3D59193A152A00AC5040 /* EditProfile */,
				A10C3D5D193A17AD00AC5040 /* Profile */,
				A17BEBEF193B1B2000A41DCE /* CreateParseUser */,
				A17BEBF6193B2F6500A41DCE /* Match */,
				A17BEBFA193B310600A41DCE /* Matches */,
				A17BEBFE193B318700A41DCE /* Chat */,
				A1289835193900E9005FB734 /* Images.xcassets */,
				A1289821193900E9005FB734 /* Supporting Files */,
			);
			path = MatchedUp;
			sourceTree = "<group>";
		};
		A1289821193900E9005FB734 /* Supporting Files */ = {
			isa = PBXGroup;
			children = (
				A128985A19391DF2005FB734 /* CCConstants.h */,
				A128985B19391DF2005FB734 /* CCConstants.m */,
				A17BEBF3193B1B9B00A41DCE /* ProfileImg */,
				A1289822193900E9005FB734 /* MatchedUp-Info.plist */,
				A1289823193900E9005FB734 /* InfoPlist.strings */,
				A1289826193900E9005FB734 /* main.m */,
				A1289828193900E9005FB734 /* MatchedUp-Prefix.pch */,
			);
			name = "Supporting Files";
			sourceTree = "<group>";
		};
		A1289842193900E9005FB734 /* MatchedUpTests */ = {
			isa = PBXGroup;
			children = (
				A1289848193900E9005FB734 /* MatchedUpTests.m */,
				A1289843193900E9005FB734 /* Supporting Files */,
			);
			path = MatchedUpTests;
			sourceTree = "<group>";
		};
		A1289843193900E9005FB734 /* Supporting Files */ = {
			isa = PBXGroup;
			children = (
				A1289844193900E9005FB734 /* MatchedUpTests-Info.plist */,
				A1289845193900E9005FB734 /* InfoPlist.strings */,
			);
			name = "Supporting Files";
			sourceTree = "<group>";
		};
		A1289855193901B6005FB734 /* Login */ = {
			isa = PBXGroup;
			children = (
				A1289852193901A0005FB734 /* CCLoginViewController.h */,
				A1289853193901A0005FB734 /* CCLoginViewController.m */,
			);
			name = Login;
			sourceTree = "<group>";
		};
		A17BEBEF193B1B2000A41DCE /* CreateParseUser */ = {
			isa = PBXGroup;
			children = (
				A17BEBF0193B1B4200A41DCE /* CCTestUser.h */,
				A17BEBF1193B1B4200A41DCE /* CCTestUser.m */,
			);
			name = CreateParseUser;
			sourceTree = "<group>";
		};
		A17BEBF3193B1B9B00A41DCE /* ProfileImg */ = {
			isa = PBXGroup;
			children = (
				A17BEBF4193B1BB600A41DCE /* 1459326_549190171836357_1050945138_n.jpg */,
			);
			name = ProfileImg;
			sourceTree = "<group>";
		};
		A17BEBF6193B2F6500A41DCE /* Match */ = {
			isa = PBXGroup;
			children = (
				A17BEBF7193B2F7E00A41DCE /* CCMatchViewController.h */,
				A17BEBF8193B2F7E00A41DCE /* CCMatchViewController.m */,
			);
			name = Match;
			sourceTree = "<group>";
		};
		A17BEBFA193B310600A41DCE /* Matches */ = {
			isa = PBXGroup;
			children = (
				A17BEBFB193B312600A41DCE /* CCMatchesViewController.h */,
				A17BEBFC193B312600A41DCE /* CCMatchesViewController.m */,
			);
			name = Matches;
			sourceTree = "<group>";
		};
		A17BEBFE193B318700A41DCE /* Chat */ = {
			isa = PBXGroup;
			children = (
				A17BEBFF193B347C00A41DCE /* CCChatViewController.h */,
				A17BEC00193B347C00A41DCE /* CCChatViewController.m */,
			);
			name = Chat;
			sourceTree = "<group>";
		};
/* End PBXGroup section */

/* Begin PBXNativeTarget section */
		A1289816193900E8005FB734 /* MatchedUp */ = {
			isa = PBXNativeTarget;
			buildConfigurationList = A128984C193900E9005FB734 /* Build configuration list for PBXNativeTarget "MatchedUp" */;
			buildPhases = (
				4A2BAE3CA24D47F2B751566C /* Check Pods Manifest.lock */,
				A1289813193900E8005FB734 /* Sources */,
				A1289814193900E8005FB734 /* Frameworks */,
				A1289815193900E8005FB734 /* Resources */,
				1C35DA2B2F514DBAB59F0BD2 /* Copy Pods Resources */,
			);
			buildRules = (
			);
			dependencies = (
			);
			name = MatchedUp;
			productName = MatchedUp;
			productReference = A1289817193900E8005FB734 /* MatchedUp.app */;
			productType = "com.apple.product-type.application";
		};
		A128983A193900E9005FB734 /* MatchedUpTests */ = {
			isa = PBXNativeTarget;
			buildConfigurationList = A128984F193900E9005FB734 /* Build configuration list for PBXNativeTarget "MatchedUpTests" */;
			buildPhases = (
				A1289837193900E9005FB734 /* Sources */,
				A1289838193900E9005FB734 /* Frameworks */,
				A1289839193900E9005FB734 /* Resources */,
			);
			buildRules = (
			);
			dependencies = (
				A1289841193900E9005FB734 /* PBXTargetDependency */,
			);
			name = MatchedUpTests;
			productName = MatchedUpTests;
			productReference = A128983B193900E9005FB734 /* MatchedUpTests.xctest */;
			productType = "com.apple.product-type.bundle.unit-test";
		};
/* End PBXNativeTarget section */

/* Begin PBXProject section */
		A128980F193900E8005FB734 /* Project object */ = {
			isa = PBXProject;
			attributes = {
				CLASSPREFIX = CC;
				LastUpgradeCheck = 0510;
				ORGANIZATIONNAME = "Code Coalition";
				TargetAttributes = {
					A128983A193900E9005FB734 = {
						TestTargetID = A1289816193900E8005FB734;
					};
				};
			};
			buildConfigurationList = A1289812193900E8005FB734 /* Build configuration list for PBXProject "MatchedUp" */;
			compatibilityVersion = "Xcode 3.2";
			developmentRegion = English;
			hasScannedForEncodings = 0;
			knownRegions = (
				en,
				Base,
			);
			mainGroup = A128980E193900E8005FB734;
			productRefGroup = A1289818193900E8005FB734 /* Products */;
			projectDirPath = "";
			projectRoot = "";
			targets = (
				A1289816193900E8005FB734 /* MatchedUp */,
				A128983A193900E9005FB734 /* MatchedUpTests */,
			);
		};
/* End PBXProject section */

/* Begin PBXResourcesBuildPhase section */
		A1289815193900E8005FB734 /* Resources */ = {
			isa = PBXResourcesBuildPhase;
			buildActionMask = 2147483647;
			files = (
				A1289836193900E9005FB734 /* Images.xcassets in Resources */,
				A17BEBF5193B1BB600A41DCE /* 1459326_549190171836357_1050945138_n.jpg in Resources */,
				A1289825193900E9005FB734 /* InfoPlist.strings in Resources */,
				A128982E193900E9005FB734 /* Main.storyboard in Resources */,
			);
			runOnlyForDeploymentPostprocessing = 0;
		};
		A1289839193900E9005FB734 /* Resources */ = {
			isa = PBXResourcesBuildPhase;
			buildActionMask = 2147483647;
			files = (
				A1289847193900E9005FB734 /* InfoPlist.strings in Resources */,
			);
			runOnlyForDeploymentPostprocessing = 0;
		};
/* End PBXResourcesBuildPhase section */

/* Begin PBXShellScriptBuildPhase section */
		1C35DA2B2F514DBAB59F0BD2 /* Copy Pods Resources */ = {
			isa = PBXShellScriptBuildPhase;
			buildActionMask = 2147483647;
			files = (
			);
			inputPaths = (
			);
			name = "Copy Pods Resources";
			outputPaths = (
			);
			runOnlyForDeploymentPostprocessing = 0;
			shellPath = /bin/sh;
			shellScript = "\"${SRCROOT}/Pods/Pods-resources.sh\"\n";
			showEnvVarsInLog = 0;
		};
		4A2BAE3CA24D47F2B751566C /* Check Pods Manifest.lock */ = {
			isa = PBXShellScriptBuildPhase;
			buildActionMask = 2147483647;
			files = (
			);
			inputPaths = (
			);
			name = "Check Pods Manifest.lock";
			outputPaths = (
			);
			runOnlyForDeploymentPostprocessing = 0;
			shellPath = /bin/sh;
			shellScript = "diff \"${PODS_ROOT}/../Podfile.lock\" \"${PODS_ROOT}/Manifest.lock\" > /dev/null\nif [[ $? != 0 ]] ; then\n    cat << EOM\nerror: The sandbox is not in sync with the Podfile.lock. Run 'pod install' or update your CocoaPods installation.\nEOM\n    exit 1\nfi\n";
			showEnvVarsInLog = 0;
		};
/* End PBXShellScriptBuildPhase section */

/* Begin PBXSourcesBuildPhase section */
		A1289813193900E8005FB734 /* Sources */ = {
			isa = PBXSourcesBuildPhase;
			buildActionMask = 2147483647;
			files = (
				A17BEBF9193B2F7E00A41DCE /* CCMatchViewController.m in Sources */,
				A17BEBF2193B1B4200A41DCE /* CCTestUser.m in Sources */,
				A10C3D54193A0F2700AC5040 /* CCHomeViewController.m in Sources */,
				A128985C19391DF2005FB734 /* CCConstants.m in Sources */,
				A10C3D60193A17D000AC5040 /* CCProfileViewController.m in Sources */,
				A17BEBFD193B312600A41DCE /* CCMatchesViewController.m in Sources */,
				A1289854193901A0005FB734 /* CCLoginViewController.m in Sources */,
				A10C3D58193A132B00AC5040 /* CCSettingsViewController.m in Sources */,
				A128982B193900E9005FB734 /* CCAppDelegate.m in Sources */,
				A1289827193900E9005FB734 /* main.m in Sources */,
				A17BEC01193B347C00A41DCE /* CCChatViewController.m in Sources */,
				A10C3D5C193A156200AC5040 /* CCEditProfileViewController.m in Sources */,
			);
			runOnlyForDeploymentPostprocessing = 0;
		};
		A1289837193900E9005FB734 /* Sources */ = {
			isa = PBXSourcesBuildPhase;
			buildActionMask = 2147483647;
			files = (
				A1289849193900E9005FB734 /* MatchedUpTests.m in Sources */,
			);
			runOnlyForDeploymentPostprocessing = 0;
		};
/* End PBXSourcesBuildPhase section */

/* Begin PBXTargetDependency section */
		A1289841193900E9005FB734 /* PBXTargetDependency */ = {
			isa = PBXTargetDependency;
			target = A1289816193900E8005FB734 /* MatchedUp */;
			targetProxy = A1289840193900E9005FB734 /* PBXContainerItemProxy */;
		};
/* End PBXTargetDependency section */

/* Begin PBXVariantGroup section */
		A1289823193900E9005FB734 /* InfoPlist.strings */ = {
			isa = PBXVariantGroup;
			children = (
				A1289824193900E9005FB734 /* en */,
			);
			name = InfoPlist.strings;
			sourceTree = "<group>";
		};
		A128982C193900E9005FB734 /* Main.storyboard */ = {
			isa = PBXVariantGroup;
			children = (
				A128982D193900E9005FB734 /* Base */,
			);
			name = Main.storyboard;
			sourceTree = "<group>";
		};
		A1289845193900E9005FB734 /* InfoPlist.strings */ = {
			isa = PBXVariantGroup;
			children = (
				A1289846193900E9005FB734 /* en */,
			);
			name = InfoPlist.strings;
			sourceTree = "<group>";
		};
/* End PBXVariantGroup section */

/* Begin XCBuildConfiguration section */
		A128984A193900E9005FB734 /* Debug */ = {
			isa = XCBuildConfiguration;
			buildSettings = {
				ALWAYS_SEARCH_USER_PATHS = NO;
				CLANG_CXX_LANGUAGE_STANDARD = "gnu++0x";
				CLANG_CXX_LIBRARY = "libc++";
				CLANG_ENABLE_MODULES = YES;
				CLANG_ENABLE_OBJC_ARC = YES;
				CLANG_WARN_BOOL_CONVERSION = YES;
				CLANG_WARN_CONSTANT_CONVERSION = YES;
				CLANG_WARN_DIRECT_OBJC_ISA_USAGE = YES_ERROR;
				CLANG_WARN_EMPTY_BODY = YES;
				CLANG_WARN_ENUM_CONVERSION = YES;
				CLANG_WARN_INT_CONVERSION = YES;
				CLANG_WARN_OBJC_ROOT_CLASS = YES_ERROR;
				CLANG_WARN__DUPLICATE_METHOD_MATCH = YES;
				"CODE_SIGN_IDENTITY[sdk=iphoneos*]" = "iPhone Developer";
				COPY_PHASE_STRIP = NO;
				GCC_C_LANGUAGE_STANDARD = gnu99;
				GCC_DYNAMIC_NO_PIC = NO;
				GCC_OPTIMIZATION_LEVEL = 0;
				GCC_PREPROCESSOR_DEFINITIONS = (
					"DEBUG=1",
					"$(inherited)",
				);
				GCC_SYMBOLS_PRIVATE_EXTERN = NO;
				GCC_WARN_64_TO_32_BIT_CONVERSION = YES;
				GCC_WARN_ABOUT_RETURN_TYPE = YES_ERROR;
				GCC_WARN_UNDECLARED_SELECTOR = YES;
				GCC_WARN_UNINITIALIZED_AUTOS = YES_AGGRESSIVE;
				GCC_WARN_UNUSED_FUNCTION = YES;
				GCC_WARN_UNUSED_VARIABLE = YES;
				IPHONEOS_DEPLOYMENT_TARGET = 7.1;
				ONLY_ACTIVE_ARCH = YES;
				SDKROOT = iphoneos;
			};
			name = Debug;
		};
		A128984B193900E9005FB734 /* Release */ = {
			isa = XCBuildConfiguration;
			buildSettings = {
				ALWAYS_SEARCH_USER_PATHS = NO;
				CLANG_CXX_LANGUAGE_STANDARD = "gnu++0x";
				CLANG_CXX_LIBRARY = "libc++";
				CLANG_ENABLE_MODULES = YES;
				CLANG_ENABLE_OBJC_ARC = YES;
				CLANG_WARN_BOOL_CONVERSION = YES;
				CLANG_WARN_CONSTANT_CONVERSION = YES;
				CLANG_WARN_DIRECT_OBJC_ISA_USAGE = YES_ERROR;
				CLANG_WARN_EMPTY_BODY = YES;
				CLANG_WARN_ENUM_CONVERSION = YES;
				CLANG_WARN_INT_CONVERSION = YES;
				CLANG_WARN_OBJC_ROOT_CLASS = YES_ERROR;
				CLANG_WARN__DUPLICATE_METHOD_MATCH = YES;
				"CODE_SIGN_IDENTITY[sdk=iphoneos*]" = "iPhone Developer";
				COPY_PHASE_STRIP = YES;
				ENABLE_NS_ASSERTIONS = NO;
				GCC_C_LANGUAGE_STANDARD = gnu99;
				GCC_WARN_64_TO_32_BIT_CONVERSION = YES;
				GCC_WARN_ABOUT_RETURN_TYPE = YES_ERROR;
				GCC_WARN_UNDECLARED_SELECTOR = YES;
				GCC_WARN_UNINITIALIZED_AUTOS = YES_AGGRESSIVE;
				GCC_WARN_UNUSED_FUNCTION = YES;
				GCC_WARN_UNUSED_VARIABLE = YES;
				IPHONEOS_DEPLOYMENT_TARGET = 7.1;
				SDKROOT = iphoneos;
				VALIDATE_PRODUCT = YES;
			};
			name = Release;
		};
		A128984D193900E9005FB734 /* Debug */ = {
			isa = XCBuildConfiguration;
			baseConfigurationReference = A0157B767DBD477B9C508E2C /* Pods.xcconfig */;
			buildSettings = {
				ASSETCATALOG_COMPILER_APPICON_NAME = AppIcon;
				ASSETCATALOG_COMPILER_LAUNCHIMAGE_NAME = LaunchImage;
				FRAMEWORK_SEARCH_PATHS = (
					"$(inherited)",
					"$(PROJECT_DIR)",
				);
				GCC_PRECOMPILE_PREFIX_HEADER = YES;
				GCC_PREFIX_HEADER = "MatchedUp/MatchedUp-Prefix.pch";
				INFOPLIST_FILE = "MatchedUp/MatchedUp-Info.plist";
				PRODUCT_NAME = "$(TARGET_NAME)";
				WRAPPER_EXTENSION = app;
			};
			name = Debug;
		};
		A128984E193900E9005FB734 /* Release */ = {
			isa = XCBuildConfiguration;
			baseConfigurationReference = A0157B767DBD477B9C508E2C /* Pods.xcconfig */;
			buildSettings = {
				ASSETCATALOG_COMPILER_APPICON_NAME = AppIcon;
				ASSETCATALOG_COMPILER_LAUNCHIMAGE_NAME = LaunchImage;
				FRAMEWORK_SEARCH_PATHS = (
					"$(inherited)",
					"$(PROJECT_DIR)",
				);
				GCC_PRECOMPILE_PREFIX_HEADER = YES;
				GCC_PREFIX_HEADER = "MatchedUp/MatchedUp-Prefix.pch";
				INFOPLIST_FILE = "MatchedUp/MatchedUp-Info.plist";
				PRODUCT_NAME = "$(TARGET_NAME)";
				WRAPPER_EXTENSION = app;
			};
			name = Release;
		};
		A1289850193900E9005FB734 /* Debug */ = {
			isa = XCBuildConfiguration;
			buildSettings = {
				BUNDLE_LOADER = "$(BUILT_PRODUCTS_DIR)/MatchedUp.app/MatchedUp";
				FRAMEWORK_SEARCH_PATHS = (
					"$(SDKROOT)/Developer/Library/Frameworks",
					"$(inherited)",
					"$(DEVELOPER_FRAMEWORKS_DIR)",
				);
				GCC_PRECOMPILE_PREFIX_HEADER = YES;
				GCC_PREFIX_HEADER = "MatchedUp/MatchedUp-Prefix.pch";
				GCC_PREPROCESSOR_DEFINITIONS = (
					"DEBUG=1",
					"$(inherited)",
				);
				INFOPLIST_FILE = "MatchedUpTests/MatchedUpTests-Info.plist";
				PRODUCT_NAME = "$(TARGET_NAME)";
				TEST_HOST = "$(BUNDLE_LOADER)";
				WRAPPER_EXTENSION = xctest;
			};
			name = Debug;
		};
		A1289851193900E9005FB734 /* Release */ = {
			isa = XCBuildConfiguration;
			buildSettings = {
				BUNDLE_LOADER = "$(BUILT_PRODUCTS_DIR)/MatchedUp.app/MatchedUp";
				FRAMEWORK_SEARCH_PATHS = (
					"$(SDKROOT)/Developer/Library/Frameworks",
					"$(inherited)",
					"$(DEVELOPER_FRAMEWORKS_DIR)",
				);
				GCC_PRECOMPILE_PREFIX_HEADER = YES;
				GCC_PREFIX_HEADER = "MatchedUp/MatchedUp-Prefix.pch";
				INFOPLIST_FILE = "MatchedUpTests/MatchedUpTests-Info.plist";
				PRODUCT_NAME = "$(TARGET_NAME)";
				TEST_HOST = "$(BUNDLE_LOADER)";
				WRAPPER_EXTENSION = xctest;
			};
			name = Release;
		};
/* End XCBuildConfiguration section */

/* Begin XCConfigurationList section */
		A1289812193900E8005FB734 /* Build configuration list for PBXProject "MatchedUp" */ = {
			isa = XCConfigurationList;
			buildConfigurations = (
				A128984A193900E9005FB734 /* Debug */,
				A128984B193900E9005FB734 /* Release */,
			);
			defaultConfigurationIsVisible = 0;
			defaultConfigurationName = Release;
		};
		A128984C193900E9005FB734 /* Build configuration list for PBXNativeTarget "MatchedUp" */ = {
			isa = XCConfigurationList;
			buildConfigurations = (
				A128984D193900E9005FB734 /* Debug */,
				A128984E193900E9005FB734 /* Release */,
			);
			defaultConfigurationIsVisible = 0;
			defaultConfigurationName = Release;
		};
		A128984F193900E9005FB734 /* Build configuration list for PBXNativeTarget "MatchedUpTests" */ = {
			isa = XCConfigurationList;
			buildConfigurations = (
				A1289850193900E9005FB734 /* Debug */,
				A1289851193900E9005FB734 /* Release */,
			);
			defaultConfigurationIsVisible = 0;
			defaultConfigurationName = Release;
		};
/* End XCConfigurationList section */
	};
	rootObject = A128980F193900E8005FB734 /* Project object */;
}
